
Microsoft Visual Studio Solution File, Format Version 12.00
# Visual Studio Version 17
VisualStudioVersion = 17.0.32126.317
MinimumVisualStudioVersion = 10.0.40219.1

Project("{9A19103F-16F7-4668-BE54-9A1E7A4F7556}") = "HW.03.QuadraticFormula", "HW.03.QuadraticFormula\HW.03.QuadraticFormula.csproj", "{759F88BA-9DC8-42ED-932F-64220A00FAA5}"
EndProject
Project("{9A19103F-16F7-4668-BE54-9A1E7A4F7556}") = "HW.05.DecimalToBinary", "HW.05.DecimalToBinary\HW.05.DecimalToBinary.csproj", "{957824B7-D832-491C-9BCF-060D87BCBE40}"
EndProject
Project("{9A19103F-16F7-4668-BE54-9A1E7A4F7556}") = "HW.01.Casting", "HW.01.Casting\HW.01.Casting.csproj", "{143F9FA1-7FAA-463B-8485-C185AF90FDAB}"
EndProject
Project("{9A19103F-16F7-4668-BE54-9A1E7A4F7556}") = "HW.02.Types", "HW.02.Types\HW.02.Types.csproj", "{CC42B137-4884-4F73-B639-67BBDBEDE046}"
EndProject
Project("{9A19103F-16F7-4668-BE54-9A1E7A4F7556}") = "HW.04.Image", "HW.04.Image\HW.04.Image.csproj", "{4F1AC7A9-5F88-4B11-89D5-77A04AEFCC03}"
EndProject
Project("{9A19103F-16F7-4668-BE54-9A1E7A4F7556}") = "HW03.Birthday", "HW03.Birthday\HW03.Birthday.csproj", "{35C99581-51BF-4209-BFBC-C553865DFFBE}"
EndProject
Global
	GlobalSection(SolutionConfigurationPlatforms) = preSolution
		Debug|Any CPU = Debug|Any CPU
		Release|Any CPU = Release|Any CPU
	EndGlobalSection
	GlobalSection(ProjectConfigurationPlatforms) = postSolution

		{35C99581-51BF-4209-BFBC-C553865DFFBE}.Debug|Any CPU.ActiveCfg = Debug|Any CPU
		{35C99581-51BF-4209-BFBC-C553865DFFBE}.Debug|Any CPU.Build.0 = Debug|Any CPU
		{35C99581-51BF-4209-BFBC-C553865DFFBE}.Release|Any CPU.ActiveCfg = Release|Any CPU
		{35C99581-51BF-4209-BFBC-C553865DFFBE}.Release|Any CPU.Build.0 = Release|Any CPU
		{759F88BA-9DC8-42ED-932F-64220A00FAA5}.Debug|Any CPU.ActiveCfg = Debug|Any CPU
		{759F88BA-9DC8-42ED-932F-64220A00FAA5}.Debug|Any CPU.Build.0 = Debug|Any CPU
		{759F88BA-9DC8-42ED-932F-64220A00FAA5}.Release|Any CPU.ActiveCfg = Release|Any CPU
		{759F88BA-9DC8-42ED-932F-64220A00FAA5}.Release|Any CPU.Build.0 = Release|Any CPU
		{957824B7-D832-491C-9BCF-060D87BCBE40}.Debug|Any CPU.ActiveCfg = Debug|Any CPU
		{957824B7-D832-491C-9BCF-060D87BCBE40}.Debug|Any CPU.Build.0 = Debug|Any CPU
		{957824B7-D832-491C-9BCF-060D87BCBE40}.Release|Any CPU.ActiveCfg = Release|Any CPU
		{957824B7-D832-491C-9BCF-060D87BCBE40}.Release|Any CPU.Build.0 = Release|Any CPU
		{143F9FA1-7FAA-463B-8485-C185AF90FDAB}.Debug|Any CPU.ActiveCfg = Debug|Any CPU
		{143F9FA1-7FAA-463B-8485-C185AF90FDAB}.Debug|Any CPU.Build.0 = Debug|Any CPU
		{143F9FA1-7FAA-463B-8485-C185AF90FDAB}.Release|Any CPU.ActiveCfg = Release|Any CPU
		{143F9FA1-7FAA-463B-8485-C185AF90FDAB}.Release|Any CPU.Build.0 = Release|Any CPU
		{CC42B137-4884-4F73-B639-67BBDBEDE046}.Debug|Any CPU.ActiveCfg = Debug|Any CPU
		{CC42B137-4884-4F73-B639-67BBDBEDE046}.Debug|Any CPU.Build.0 = Debug|Any CPU
		{CC42B137-4884-4F73-B639-67BBDBEDE046}.Release|Any CPU.ActiveCfg = Release|Any CPU
		{CC42B137-4884-4F73-B639-67BBDBEDE046}.Release|Any CPU.Build.0 = Release|Any CPU
		{4F1AC7A9-5F88-4B11-89D5-77A04AEFCC03}.Debug|Any CPU.ActiveCfg = Debug|Any CPU
		{4F1AC7A9-5F88-4B11-89D5-77A04AEFCC03}.Debug|Any CPU.Build.0 = Debug|Any CPU
		{4F1AC7A9-5F88-4B11-89D5-77A04AEFCC03}.Release|Any CPU.ActiveCfg = Release|Any CPU
		{4F1AC7A9-5F88-4B11-89D5-77A04AEFCC03}.Release|Any CPU.Build.0 = Release|Any CPU
	EndGlobalSection
	GlobalSection(SolutionProperties) = preSolution
		HideSolutionNode = FALSE
	EndGlobalSection
	GlobalSection(ExtensibilityGlobals) = postSolution
		SolutionGuid = {A196392D-5C16-4AF6-A8E6-D0A353663182}
	EndGlobalSection
EndGlobal
